{
  "name": "typescript-experiments",
  "version": "1.0.0",
  "lockfileVersion": 2,
  "requires": true,
  "packages": {
    "": {
      "name": "typescript-experiments",
      "version": "1.0.0",
      "license": "ISC",
      "dependencies": {
        "@ironfish/rust-nodejs": "^0.1.23"
      },
      "devDependencies": {
        "@types/node": "^18.11.18",
        "typescript": "^4.9.4"
      }
    },
    "node_modules/@ironfish/rust-nodejs": {
      "version": "0.1.23",
      "resolved": "https://registry.npmjs.org/@ironfish/rust-nodejs/-/rust-nodejs-0.1.23.tgz",
      "integrity": "sha512-dsnzfOqjZPUg2X28x40EVY8PCIeyZ4GKFiHbx1Aax5k42e9tIWkRNvDvBhLpgZfMF9GzqBhxoVYDkhmGvp4XyQ==",
      "engines": {
        "node": "18.x"
      },
      "optionalDependencies": {
        "@ironfish/rust-nodejs-darwin-arm64": "0.1.23",
        "@ironfish/rust-nodejs-darwin-x64": "0.1.23",
        "@ironfish/rust-nodejs-linux-arm64-gnu": "0.1.23",
        "@ironfish/rust-nodejs-linux-arm64-musl": "0.1.23",
        "@ironfish/rust-nodejs-linux-x64-gnu": "0.1.23",
        "@ironfish/rust-nodejs-linux-x64-musl": "0.1.23",
        "@ironfish/rust-nodejs-win32-x64-msvc": "0.1.23"
      }
    },
    "node_modules/@ironfish/rust-nodejs-darwin-arm64": {
      "version": "0.1.23",
      "resolved": "https://registry.npmjs.org/@ironfish/rust-nodejs-darwin-arm64/-/rust-nodejs-darwin-arm64-0.1.23.tgz",
      "integrity": "sha512-CO513sd02FSuqGOsKGL4ssirvY1MfhSqjELjxLLjusZ19KawFc8YnC4eRJ+WSK3aUSxTgy95ecAnl2iVKNwy1A==",
      "cpu": [
        "arm64"
      ],
      "optional": true,
      "os": [
        "darwin"
      ],
      "engines": {
        "node": ">= 18"
      }
    },
    "node_modules/@ironfish/rust-nodejs-darwin-x64": {
      "version": "0.1.23",
      "resolved": "https://registry.npmjs.org/@ironfish/rust-nodejs-darwin-x64/-/rust-nodejs-darwin-x64-0.1.23.tgz",
      "integrity": "sha512-2lNm1e9TXtCBsPfgeOJtybkF9kcaO2lqcoBwRy7yQZcM/BHANDK8432BcAoFECZfNxuMyXpxn57sDeRriJFAvA==",
      "cpu": [
        "x64"
      ],
      "optional": true,
      "os": [
        "darwin"
      ],
      "engines": {
        "node": ">= 18"
      }
    },
    "node_modules/@ironfish/rust-nodejs-linux-arm64-gnu": {
      "version": "0.1.23",
      "resolved": "https://registry.npmjs.org/@ironfish/rust-nodejs-linux-arm64-gnu/-/rust-nodejs-linux-arm64-gnu-0.1.23.tgz",
      "integrity": "sha512-6lALx7BujVry9dCczYLXQxdcbHOtu8xyZxDkeEK6RY674UB5hRCiYB83uEPAIKnGJMqZaMJlBajJBWop6Zy1TA==",
      "cpu": [
        "arm64"
      ],
      "optional": true,
      "os": [
        "linux"
      ],
      "engines": {
        "node": ">= 18"
      }
    },
    "node_modules/@ironfish/rust-nodejs-linux-arm64-musl": {
      "version": "0.1.23",
      "resolved": "https://registry.npmjs.org/@ironfish/rust-nodejs-linux-arm64-musl/-/rust-nodejs-linux-arm64-musl-0.1.23.tgz",
      "integrity": "sha512-0to5YiKWT9T/xASKHRm65RaOCXOqNCpm9X7VgWD6iqYttRMI7zGwxAtI5Cz43yFDBKjaR5RY5Ppw7rMmFP+ieQ==",
      "cpu": [
        "arm64"
      ],
      "optional": true,
      "os": [
        "linux"
      ],
      "engines": {
        "node": ">= 18"
      }
    },
    "node_modules/@ironfish/rust-nodejs-linux-x64-gnu": {
      "version": "0.1.23",
      "resolved": "https://registry.npmjs.org/@ironfish/rust-nodejs-linux-x64-gnu/-/rust-nodejs-linux-x64-gnu-0.1.23.tgz",
      "integrity": "sha512-AbOIpCWeHRYvqmzo8qdGmF+5OMMIW677YQOQNdnJl/A5/YJ1g+6a4TDtlwwUpZcJpsZA2SZ2TnHnmbUqqBIDjw==",
      "cpu": [
        "x64"
      ],
      "optional": true,
      "os": [
        "linux"
      ],
      "engines": {
        "node": ">= 18"
      }
    },
    "node_modules/@ironfish/rust-nodejs-linux-x64-musl": {
      "version": "0.1.23",
      "resolved": "https://registry.npmjs.org/@ironfish/rust-nodejs-linux-x64-musl/-/rust-nodejs-linux-x64-musl-0.1.23.tgz",
      "integrity": "sha512-u9o0nc3PtpnWX1h7tn881mgNWIXGKytatFBjprlvC2uXf6/hkqLeLHkp1G4aHP35v/MscY54emTmTTbujlznNw==",
      "cpu": [
        "x64"
      ],
      "optional": true,
      "os": [
        "linux"
      ],
      "engines": {
        "node": ">= 18"
      }
    },
    "node_modules/@ironfish/rust-nodejs-win32-x64-msvc": {
      "version": "0.1.23",
      "resolved": "https://registry.npmjs.org/@ironfish/rust-nodejs-win32-x64-msvc/-/rust-nodejs-win32-x64-msvc-0.1.23.tgz",
      "integrity": "sha512-7dzA9IilT7o3W46oXvDt0UtnkQVVvkL7zRX9w0NRG8a31+fdboxjcUqUwMdXLaT4BYoCo70jrytPy6N3XNwvFw==",
      "cpu": [
        "x64"
      ],
      "optional": true,
      "os": [
        "win32"
      ],
      "engines": {
        "node": ">= 18"
      }
    },
    "node_modules/@types/node": {
      "version": "18.11.18",
      "resolved": "https://registry.npmjs.org/@types/node/-/node-18.11.18.tgz",
      "integrity": "sha512-DHQpWGjyQKSHj3ebjFI/wRKcqQcdR+MoFBygntYOZytCqNfkd2ZC4ARDJ2DQqhjH5p85Nnd3jhUJIXrszFX/JA==",
      "dev": true
    },
    "node_modules/typescript": {
      "version": "4.9.4",
      "resolved": "https://registry.npmjs.org/typescript/-/typescript-4.9.4.tgz",
      "integrity": "sha512-Uz+dTXYzxXXbsFpM86Wh3dKCxrQqUcVMxwU54orwlJjOpO3ao8L7j5lH+dWfTwgCwIuM9GQ2kvVotzYJMXTBZg==",
      "dev": true,
      "bin": {
        "tsc": "bin/tsc",
        "tsserver": "bin/tsserver"
      },
      "engines": {
        "node": ">=4.2.0"
      }
    }
  },
  "dependencies": {
    "@ironfish/rust-nodejs": {
      "version": "0.1.23",
      "resolved": "https://registry.npmjs.org/@ironfish/rust-nodejs/-/rust-nodejs-0.1.23.tgz",
      "integrity": "sha512-dsnzfOqjZPUg2X28x40EVY8PCIeyZ4GKFiHbx1Aax5k42e9tIWkRNvDvBhLpgZfMF9GzqBhxoVYDkhmGvp4XyQ==",
      "requires": {
        "@ironfish/rust-nodejs-darwin-arm64": "0.1.23",
        "@ironfish/rust-nodejs-darwin-x64": "0.1.23",
        "@ironfish/rust-nodejs-linux-arm64-gnu": "0.1.23",
        "@ironfish/rust-nodejs-linux-arm64-musl": "0.1.23",
        "@ironfish/rust-nodejs-linux-x64-gnu": "0.1.23",
        "@ironfish/rust-nodejs-linux-x64-musl": "0.1.23",
        "@ironfish/rust-nodejs-win32-x64-msvc": "0.1.23"
      }
    },
    "@ironfish/rust-nodejs-darwin-arm64": {
      "version": "0.1.23",
      "resolved": "https://registry.npmjs.org/@ironfish/rust-nodejs-darwin-arm64/-/rust-nodejs-darwin-arm64-0.1.23.tgz",
      "integrity": "sha512-CO513sd02FSuqGOsKGL4ssirvY1MfhSqjELjxLLjusZ19KawFc8YnC4eRJ+WSK3aUSxTgy95ecAnl2iVKNwy1A==",
      "optional": true
    },
    "@ironfish/rust-nodejs-darwin-x64": {
      "version": "0.1.23",
      "resolved": "https://registry.npmjs.org/@ironfish/rust-nodejs-darwin-x64/-/rust-nodejs-darwin-x64-0.1.23.tgz",
      "integrity": "sha512-2lNm1e9TXtCBsPfgeOJtybkF9kcaO2lqcoBwRy7yQZcM/BHANDK8432BcAoFECZfNxuMyXpxn57sDeRriJFAvA==",
      "optional": true
    },
    "@ironfish/rust-nodejs-linux-arm64-gnu": {
      "version": "0.1.23",
      "resolved": "https://registry.npmjs.org/@ironfish/rust-nodejs-linux-arm64-gnu/-/rust-nodejs-linux-arm64-gnu-0.1.23.tgz",
      "integrity": "sha512-6lALx7BujVry9dCczYLXQxdcbHOtu8xyZxDkeEK6RY674UB5hRCiYB83uEPAIKnGJMqZaMJlBajJBWop6Zy1TA==",
      "optional": true
    },
    "@ironfish/rust-nodejs-linux-arm64-musl": {
      "version": "0.1.23",
      "resolved": "https://registry.npmjs.org/@ironfish/rust-nodejs-linux-arm64-musl/-/rust-nodejs-linux-arm64-musl-0.1.23.tgz",
      "integrity": "sha512-0to5YiKWT9T/xASKHRm65RaOCXOqNCpm9X7VgWD6iqYttRMI7zGwxAtI5Cz43yFDBKjaR5RY5Ppw7rMmFP+ieQ==",
      "optional": true
    },
    "@ironfish/rust-nodejs-linux-x64-gnu": {
      "version": "0.1.23",
      "resolved": "https://registry.npmjs.org/@ironfish/rust-nodejs-linux-x64-gnu/-/rust-nodejs-linux-x64-gnu-0.1.23.tgz",
      "integrity": "sha512-AbOIpCWeHRYvqmzo8qdGmF+5OMMIW677YQOQNdnJl/A5/YJ1g+6a4TDtlwwUpZcJpsZA2SZ2TnHnmbUqqBIDjw==",
      "optional": true
    },
    "@ironfish/rust-nodejs-linux-x64-musl": {
      "version": "0.1.23",
      "resolved": "https://registry.npmjs.org/@ironfish/rust-nodejs-linux-x64-musl/-/rust-nodejs-linux-x64-musl-0.1.23.tgz",
      "integrity": "sha512-u9o0nc3PtpnWX1h7tn881mgNWIXGKytatFBjprlvC2uXf6/hkqLeLHkp1G4aHP35v/MscY54emTmTTbujlznNw==",
      "optional": true
    },
    "@ironfish/rust-nodejs-win32-x64-msvc": {
      "version": "0.1.23",
      "resolved": "https://registry.npmjs.org/@ironfish/rust-nodejs-win32-x64-msvc/-/rust-nodejs-win32-x64-msvc-0.1.23.tgz",
      "integrity": "sha512-7dzA9IilT7o3W46oXvDt0UtnkQVVvkL7zRX9w0NRG8a31+fdboxjcUqUwMdXLaT4BYoCo70jrytPy6N3XNwvFw==",
      "optional": true
    },
    "@types/node": {
      "version": "18.11.18",
      "resolved": "https://registry.npmjs.org/@types/node/-/node-18.11.18.tgz",
      "integrity": "sha512-DHQpWGjyQKSHj3ebjFI/wRKcqQcdR+MoFBygntYOZytCqNfkd2ZC4ARDJ2DQqhjH5p85Nnd3jhUJIXrszFX/JA==",
      "dev": true
    },
    "typescript": {
      "version": "4.9.4",
      "resolved": "https://registry.npmjs.org/typescript/-/typescript-4.9.4.tgz",
      "integrity": "sha512-Uz+dTXYzxXXbsFpM86Wh3dKCxrQqUcVMxwU54orwlJjOpO3ao8L7j5lH+dWfTwgCwIuM9GQ2kvVotzYJMXTBZg==",
      "dev": true
    }
  }
}
